
Microsoft Visual Studio Solution File, Format Version 12.00
# Visual Studio 15
VisualStudioVersion = 15.0.27703.2026
MinimumVisualStudioVersion = 10.0.40219.1
Project("{FAE04EC0-301F-11D3-BF4B-00C04F79EFBC}") = "AudioTest", "AudioTest\AudioTest.csproj", "{9DFD2EC0-B9FB-40BA-A621-D9F002D56FC0}"
EndProject
Global
	GlobalSection(SolutionConfigurationPlatforms) = preSolution
		Debug|Any CPU = Debug|Any CPU
		Release|Any CPU = Release|Any CPU
	EndGlobalSection
	GlobalSection(ProjectConfigurationPlatforms) = postSolution
		{9DFD2EC0-B9FB-40BA-A621-D9F002D56FC0}.Debug|Any CPU.ActiveCfg = Debug|Any CPU
		{9DFD2EC0-B9FB-40BA-A621-D9F002D56FC0}.Debug|Any CPU.Build.0 = Debug|Any CPU
		{9DFD2EC0-B9FB-40BA-A621-D9F002D56FC0}.Release|Any CPU.ActiveCfg = Release|Any CPU
		{9DFD2EC0-B9FB-40BA-A621-D9F002D56FC0}.Release|Any CPU.Build.0 = Release|Any CPU
	EndGlobalSection
	GlobalSection(SolutionProperties) = preSolution
		HideSolutionNode = FALSE
	EndGlobalSection
	GlobalSection(ExtensibilityGlobals) = postSolution
		SolutionGuid = {0611FCAA-E956-472D-BD60-E10F0A64205C}
	EndGlobalSection
EndGlobal
